
Microsoft Visual Studio Solution File, Format Version 12.00
# Visual Studio 15
Project("{FAE04EC0-301F-11D3-BF4B-00C04F79EFBC}") = "Assembly-CSharp", "Assembly-CSharp.csproj", "{160C06F8-0FC5-F91C-AC2F-3072B5050113}"
EndProject
Global
	GlobalSection(SolutionConfigurationPlatforms) = preSolution
		Debug|Any CPU = Debug|Any CPU
		Release|Any CPU = Release|Any CPU
	EndGlobalSection
	GlobalSection(ProjectConfigurationPlatforms) = postSolution
		{160C06F8-0FC5-F91C-AC2F-3072B5050113}.Debug|Any CPU.ActiveCfg = Debug|Any CPU
		{160C06F8-0FC5-F91C-AC2F-3072B5050113}.Debug|Any CPU.Build.0 = Debug|Any CPU
		{160C06F8-0FC5-F91C-AC2F-3072B5050113}.Release|Any CPU.ActiveCfg = Release|Any CPU
		{160C06F8-0FC5-F91C-AC2F-3072B5050113}.Release|Any CPU.Build.0 = Release|Any CPU
	EndGlobalSection
	GlobalSection(SolutionProperties) = preSolution
		HideSolutionNode = FALSE
	EndGlobalSection
EndGlobal
